// !$*UTF8*$!
{
	archiveVersion = 1;
	classes = {
	};
	objectVersion = 48;
	objects = {

/* Begin PBXBuildFile section */
		021954BFB86220E36B7BA753 /* Pods_E_Work_Hackathon.framework in Frameworks */ = {isa = PBXBuildFile; fileRef = 1BF1BEDE3A8E1DBC6E29EAD5 /* Pods_E_Work_Hackathon.framework */; };
		D1849BB81FE7BA0B00313461 /* TableViewCell.swift in Sources */ = {isa = PBXBuildFile; fileRef = D1849BB71FE7BA0B00313461 /* TableViewCell.swift */; };
		D1849BBA1FE7BA2200313461 /* CountryTableViewController.swift in Sources */ = {isa = PBXBuildFile; fileRef = D1849BB91FE7BA2200313461 /* CountryTableViewController.swift */; };
		D1849BBC1FE7BB2700313461 /* Country+CoreDataClass.swift in Sources */ = {isa = PBXBuildFile; fileRef = D1849BBB1FE7BB2700313461 /* Country+CoreDataClass.swift */; };
		D1849BBF1FE7BB5800313461 /* Model.xcdatamodeld in Sources */ = {isa = PBXBuildFile; fileRef = D1849BBD1FE7BB5800313461 /* Model.xcdatamodeld */; };
		D1849BC31FE7CBDB00313461 /* CurrencyCalculatorViewController.swift in Sources */ = {isa = PBXBuildFile; fileRef = D1849BC21FE7CBDB00313461 /* CurrencyCalculatorViewController.swift */; };
		D1849BC51FE7E5CD00313461 /* Convert_Currency.swift in Sources */ = {isa = PBXBuildFile; fileRef = D1849BC41FE7E5CD00313461 /* Convert_Currency.swift */; };
		D1849BC71FE7F9A700313461 /* RequestWrapper.swift in Sources */ = {isa = PBXBuildFile; fileRef = D1849BC61FE7F9A700313461 /* RequestWrapper.swift */; };
		D1849BC91FE7F9B300313461 /* ConvertModel.swift in Sources */ = {isa = PBXBuildFile; fileRef = D1849BC81FE7F9B300313461 /* ConvertModel.swift */; };
		E298F2761FE6A48A00A49380 /* AppDelegate.swift in Sources */ = {isa = PBXBuildFile; fileRef = E298F2751FE6A48A00A49380 /* AppDelegate.swift */; };
		E298F27B1FE6A48A00A49380 /* Main.storyboard in Resources */ = {isa = PBXBuildFile; fileRef = E298F2791FE6A48A00A49380 /* Main.storyboard */; };
		E298F27D1FE6A48A00A49380 /* Assets.xcassets in Resources */ = {isa = PBXBuildFile; fileRef = E298F27C1FE6A48A00A49380 /* Assets.xcassets */; };
		E298F2801FE6A48A00A49380 /* LaunchScreen.storyboard in Resources */ = {isa = PBXBuildFile; fileRef = E298F27E1FE6A48A00A49380 /* LaunchScreen.storyboard */; };
		E298F2881FE6A52600A49380 /* Podfile in Resources */ = {isa = PBXBuildFile; fileRef = E298F2871FE6A52600A49380 /* Podfile */; };
		E2B929441FE6E30200CB1A5B /* UserDefaults.swift in Sources */ = {isa = PBXBuildFile; fileRef = E2B929431FE6E30200CB1A5B /* UserDefaults.swift */; };
		E2B929461FE6E91E00CB1A5B /* Notification.swift in Sources */ = {isa = PBXBuildFile; fileRef = E2B929451FE6E91E00CB1A5B /* Notification.swift */; };
/* End PBXBuildFile section */

/* Begin PBXFileReference section */
		12035092D4E4A4B7EB1923AD /* Pods-E-Work Hackathon.release.xcconfig */ = {isa = PBXFileReference; includeInIndex = 1; lastKnownFileType = text.xcconfig; name = "Pods-E-Work Hackathon.release.xcconfig"; path = "Pods/Target Support Files/Pods-E-Work Hackathon/Pods-E-Work Hackathon.release.xcconfig"; sourceTree = "<group>"; };
		1BF1BEDE3A8E1DBC6E29EAD5 /* Pods_E_Work_Hackathon.framework */ = {isa = PBXFileReference; explicitFileType = wrapper.framework; includeInIndex = 0; path = Pods_E_Work_Hackathon.framework; sourceTree = BUILT_PRODUCTS_DIR; };
		D1849BB71FE7BA0B00313461 /* TableViewCell.swift */ = {isa = PBXFileReference; fileEncoding = 4; lastKnownFileType = sourcecode.swift; path = TableViewCell.swift; sourceTree = "<group>"; };
		D1849BB91FE7BA2200313461 /* CountryTableViewController.swift */ = {isa = PBXFileReference; fileEncoding = 4; lastKnownFileType = sourcecode.swift; path = CountryTableViewController.swift; sourceTree = "<group>"; };
		D1849BBB1FE7BB2700313461 /* Country+CoreDataClass.swift */ = {isa = PBXFileReference; fileEncoding = 4; lastKnownFileType = sourcecode.swift; path = "Country+CoreDataClass.swift"; sourceTree = "<group>"; };
		D1849BBE1FE7BB5800313461 /* Model.xcdatamodel */ = {isa = PBXFileReference; lastKnownFileType = wrapper.xcdatamodel; path = Model.xcdatamodel; sourceTree = "<group>"; };
		D1849BC21FE7CBDB00313461 /* CurrencyCalculatorViewController.swift */ = {isa = PBXFileReference; lastKnownFileType = sourcecode.swift; path = CurrencyCalculatorViewController.swift; sourceTree = "<group>"; };
		D1849BC41FE7E5CD00313461 /* Convert_Currency.swift */ = {isa = PBXFileReference; lastKnownFileType = sourcecode.swift; path = Convert_Currency.swift; sourceTree = "<group>"; };
		D1849BC61FE7F9A700313461 /* RequestWrapper.swift */ = {isa = PBXFileReference; fileEncoding = 4; lastKnownFileType = sourcecode.swift; path = RequestWrapper.swift; sourceTree = "<group>"; };
		D1849BC81FE7F9B300313461 /* ConvertModel.swift */ = {isa = PBXFileReference; fileEncoding = 4; lastKnownFileType = sourcecode.swift; path = ConvertModel.swift; sourceTree = "<group>"; };
		E298F2721FE6A48A00A49380 /* E-Work Hackathon.app */ = {isa = PBXFileReference; explicitFileType = wrapper.application; includeInIndex = 0; path = "E-Work Hackathon.app"; sourceTree = BUILT_PRODUCTS_DIR; };
		E298F2751FE6A48A00A49380 /* AppDelegate.swift */ = {isa = PBXFileReference; lastKnownFileType = sourcecode.swift; path = AppDelegate.swift; sourceTree = "<group>"; };
		E298F27A1FE6A48A00A49380 /* Base */ = {isa = PBXFileReference; lastKnownFileType = file.storyboard; name = Base; path = Base.lproj/Main.storyboard; sourceTree = "<group>"; };
		E298F27C1FE6A48A00A49380 /* Assets.xcassets */ = {isa = PBXFileReference; lastKnownFileType = folder.assetcatalog; path = Assets.xcassets; sourceTree = "<group>"; };
		E298F27F1FE6A48A00A49380 /* Base */ = {isa = PBXFileReference; lastKnownFileType = file.storyboard; name = Base; path = Base.lproj/LaunchScreen.storyboard; sourceTree = "<group>"; };
		E298F2811FE6A48A00A49380 /* Info.plist */ = {isa = PBXFileReference; lastKnownFileType = text.plist.xml; path = Info.plist; sourceTree = "<group>"; };
		E298F2871FE6A52600A49380 /* Podfile */ = {isa = PBXFileReference; fileEncoding = 4; lastKnownFileType = text; path = Podfile; sourceTree = "<group>"; xcLanguageSpecificationIdentifier = xcode.lang.ruby; };
		E2B9292E1FE6E0DB00CB1A5B /* Montserrat-Light.ttf */ = {isa = PBXFileReference; lastKnownFileType = file; path = "Montserrat-Light.ttf"; sourceTree = "<group>"; };
		E2B9292F1FE6E0DC00CB1A5B /* Montserrat-Regular.ttf */ = {isa = PBXFileReference; lastKnownFileType = file; path = "Montserrat-Regular.ttf"; sourceTree = "<group>"; };
		E2B929301FE6E0DC00CB1A5B /* SFUIText-Bold.otf */ = {isa = PBXFileReference; lastKnownFileType = file; path = "SFUIText-Bold.otf"; sourceTree = "<group>"; };
		E2B929311FE6E0DC00CB1A5B /* SFUIText-Regular.otf */ = {isa = PBXFileReference; lastKnownFileType = file; path = "SFUIText-Regular.otf"; sourceTree = "<group>"; };
		E2B929321FE6E0DC00CB1A5B /* SFUIText-Semibold.otf */ = {isa = PBXFileReference; lastKnownFileType = file; path = "SFUIText-Semibold.otf"; sourceTree = "<group>"; };
		E2B929331FE6E0DC00CB1A5B /* Montserrat-Bold.ttf */ = {isa = PBXFileReference; lastKnownFileType = file; path = "Montserrat-Bold.ttf"; sourceTree = "<group>"; };
		E2B929341FE6E0DC00CB1A5B /* Montserrat-Medium.ttf */ = {isa = PBXFileReference; lastKnownFileType = file; path = "Montserrat-Medium.ttf"; sourceTree = "<group>"; };
		E2B929351FE6E0DD00CB1A5B /* Montserrat-SemiBold.ttf */ = {isa = PBXFileReference; lastKnownFileType = file; path = "Montserrat-SemiBold.ttf"; sourceTree = "<group>"; };
		E2B929361FE6E0DD00CB1A5B /* ProximaNova-Bold.ttf */ = {isa = PBXFileReference; lastKnownFileType = file; path = "ProximaNova-Bold.ttf"; sourceTree = "<group>"; };
		E2B929431FE6E30200CB1A5B /* UserDefaults.swift */ = {isa = PBXFileReference; fileEncoding = 4; lastKnownFileType = sourcecode.swift; path = UserDefaults.swift; sourceTree = "<group>"; };
		E2B929451FE6E91E00CB1A5B /* Notification.swift */ = {isa = PBXFileReference; lastKnownFileType = sourcecode.swift; path = Notification.swift; sourceTree = "<group>"; };
		E5832DD9487B2A3B7D78671B /* Pods-E-Work Hackathon.debug.xcconfig */ = {isa = PBXFileReference; includeInIndex = 1; lastKnownFileType = text.xcconfig; name = "Pods-E-Work Hackathon.debug.xcconfig"; path = "Pods/Target Support Files/Pods-E-Work Hackathon/Pods-E-Work Hackathon.debug.xcconfig"; sourceTree = "<group>"; };
/* End PBXFileReference section */

/* Begin PBXFrameworksBuildPhase section */
		E298F26F1FE6A48A00A49380 /* Frameworks */ = {
			isa = PBXFrameworksBuildPhase;
			buildActionMask = 2147483647;
			files = (
				021954BFB86220E36B7BA753 /* Pods_E_Work_Hackathon.framework in Frameworks */,
			);
			runOnlyForDeploymentPostprocessing = 0;
		};
/* End PBXFrameworksBuildPhase section */

/* Begin PBXGroup section */
		2298E4667576159DD49F9660 /* Frameworks */ = {
			isa = PBXGroup;
			children = (
				1BF1BEDE3A8E1DBC6E29EAD5 /* Pods_E_Work_Hackathon.framework */,
			);
			name = Frameworks;
			sourceTree = "<group>";
		};
		9489F5DD13BB50CAA4BB1AF1 /* Pods */ = {
			isa = PBXGroup;
			children = (
				E5832DD9487B2A3B7D78671B /* Pods-E-Work Hackathon.debug.xcconfig */,
				12035092D4E4A4B7EB1923AD /* Pods-E-Work Hackathon.release.xcconfig */,
			);
			name = Pods;
			sourceTree = "<group>";
		};
		E298F2691FE6A48900A49380 = {
			isa = PBXGroup;
			children = (
				E298F2741FE6A48A00A49380 /* E-Work Hackathon */,
				E298F2731FE6A48A00A49380 /* Products */,
				9489F5DD13BB50CAA4BB1AF1 /* Pods */,
				2298E4667576159DD49F9660 /* Frameworks */,
				E298F2871FE6A52600A49380 /* Podfile */,
			);
			sourceTree = "<group>";
		};
		E298F2731FE6A48A00A49380 /* Products */ = {
			isa = PBXGroup;
			children = (
				E298F2721FE6A48A00A49380 /* E-Work Hackathon.app */,
			);
			name = Products;
			sourceTree = "<group>";
		};
		E298F2741FE6A48A00A49380 /* E-Work Hackathon */ = {
			isa = PBXGroup;
			children = (
				E2B929291FE6E02300CB1A5B /* Storyboard */,
				E2B929281FE6DFF900CB1A5B /* View Controllers */,
				E2B929381FE6E11000CB1A5B /* WebService */,
				E2B929371FE6E0FB00CB1A5B /* Models */,
				E298F2751FE6A48A00A49380 /* AppDelegate.swift */,
				E2B929431FE6E30200CB1A5B /* UserDefaults.swift */,
				E298F2811FE6A48A00A49380 /* Info.plist */,
				E2B9292C1FE6E09E00CB1A5B /* Resources */,
				E2B929451FE6E91E00CB1A5B /* Notification.swift */,
			);
			path = "E-Work Hackathon";
			sourceTree = "<group>";
		};
		E2B929281FE6DFF900CB1A5B /* View Controllers */ = {
			isa = PBXGroup;
			children = (
				D1849BB91FE7BA2200313461 /* CountryTableViewController.swift */,
				D1849BBB1FE7BB2700313461 /* Country+CoreDataClass.swift */,
				D1849BB71FE7BA0B00313461 /* TableViewCell.swift */,
				D1849BC21FE7CBDB00313461 /* CurrencyCalculatorViewController.swift */,
			);
			path = "View Controllers";
			sourceTree = "<group>";
		};
		E2B929291FE6E02300CB1A5B /* Storyboard */ = {
			isa = PBXGroup;
			children = (
				E298F2791FE6A48A00A49380 /* Main.storyboard */,
				E298F27E1FE6A48A00A49380 /* LaunchScreen.storyboard */,
			);
			path = Storyboard;
			sourceTree = "<group>";
		};
		E2B9292C1FE6E09E00CB1A5B /* Resources */ = {
			isa = PBXGroup;
			children = (
				E2B9292D1FE6E0BB00CB1A5B /* Fonts */,
				E298F27C1FE6A48A00A49380 /* Assets.xcassets */,
			);
			path = Resources;
			sourceTree = "<group>";
		};
		E2B9292D1FE6E0BB00CB1A5B /* Fonts */ = {
			isa = PBXGroup;
			children = (
				E2B929331FE6E0DC00CB1A5B /* Montserrat-Bold.ttf */,
				E2B9292E1FE6E0DB00CB1A5B /* Montserrat-Light.ttf */,
				E2B929341FE6E0DC00CB1A5B /* Montserrat-Medium.ttf */,
				E2B9292F1FE6E0DC00CB1A5B /* Montserrat-Regular.ttf */,
				E2B929351FE6E0DD00CB1A5B /* Montserrat-SemiBold.ttf */,
				E2B929361FE6E0DD00CB1A5B /* ProximaNova-Bold.ttf */,
				E2B929301FE6E0DC00CB1A5B /* SFUIText-Bold.otf */,
				E2B929311FE6E0DC00CB1A5B /* SFUIText-Regular.otf */,
				E2B929321FE6E0DC00CB1A5B /* SFUIText-Semibold.otf */,
			);
			path = Fonts;
			sourceTree = "<group>";
		};
		E2B929371FE6E0FB00CB1A5B /* Models */ = {
			isa = PBXGroup;
			children = (
				D1849BC81FE7F9B300313461 /* ConvertModel.swift */,
				D1849BC41FE7E5CD00313461 /* Convert_Currency.swift */,
				D1849BBD1FE7BB5800313461 /* Model.xcdatamodeld */,
			);
			path = Models;
			sourceTree = "<group>";
		};
		E2B929381FE6E11000CB1A5B /* WebService */ = {
			isa = PBXGroup;
			children = (
				D1849BC61FE7F9A700313461 /* RequestWrapper.swift */,
			);
			path = WebService;
			sourceTree = "<group>";
		};
/* End PBXGroup section */

/* Begin PBXNativeTarget section */
		E298F2711FE6A48A00A49380 /* E-Work Hackathon */ = {
			isa = PBXNativeTarget;
			buildConfigurationList = E298F2841FE6A48A00A49380 /* Build configuration list for PBXNativeTarget "E-Work Hackathon" */;
			buildPhases = (
				6EEA167E91D49204244DFEEA /* [CP] Check Pods Manifest.lock */,
				E298F26E1FE6A48A00A49380 /* Sources */,
				E298F26F1FE6A48A00A49380 /* Frameworks */,
				E298F2701FE6A48A00A49380 /* Resources */,
				3C817D1360C8D292D384A165 /* [CP] Embed Pods Frameworks */,
				885F5AFA4F7E53CC9B2448B9 /* [CP] Copy Pods Resources */,
			);
			buildRules = (
			);
			dependencies = (
			);
			name = "E-Work Hackathon";
			productName = "E-Work Hackathon";
			productReference = E298F2721FE6A48A00A49380 /* E-Work Hackathon.app */;
			productType = "com.apple.product-type.application";
		};
/* End PBXNativeTarget section */

/* Begin PBXProject section */
		E298F26A1FE6A48900A49380 /* Project object */ = {
			isa = PBXProject;
			attributes = {
				LastSwiftUpdateCheck = 0910;
				LastUpgradeCheck = 0910;
				ORGANIZATIONNAME = aserdah;
				TargetAttributes = {
					E298F2711FE6A48A00A49380 = {
						CreatedOnToolsVersion = 9.1;
						ProvisioningStyle = Automatic;
					};
				};
			};
			buildConfigurationList = E298F26D1FE6A48900A49380 /* Build configuration list for PBXProject "E-Work Hackathon" */;
			compatibilityVersion = "Xcode 8.0";
			developmentRegion = en;
			hasScannedForEncodings = 0;
			knownRegions = (
				en,
				Base,
			);
			mainGroup = E298F2691FE6A48900A49380;
			productRefGroup = E298F2731FE6A48A00A49380 /* Products */;
			projectDirPath = "";
			projectRoot = "";
			targets = (
				E298F2711FE6A48A00A49380 /* E-Work Hackathon */,
			);
		};
/* End PBXProject section */

/* Begin PBXResourcesBuildPhase section */
		E298F2701FE6A48A00A49380 /* Resources */ = {
			isa = PBXResourcesBuildPhase;
			buildActionMask = 2147483647;
			files = (
				E298F2801FE6A48A00A49380 /* LaunchScreen.storyboard in Resources */,
				E298F27D1FE6A48A00A49380 /* Assets.xcassets in Resources */,
				E298F2881FE6A52600A49380 /* Podfile in Resources */,
				E298F27B1FE6A48A00A49380 /* Main.storyboard in Resources */,
			);
			runOnlyForDeploymentPostprocessing = 0;
		};
/* End PBXResourcesBuildPhase section */

/* Begin PBXShellScriptBuildPhase section */
		3C817D1360C8D292D384A165 /* [CP] Embed Pods Frameworks */ = {
			isa = PBXShellScriptBuildPhase;
			buildActionMask = 2147483647;
			files = (
			);
			inputPaths = (
				"${SRCROOT}/Pods/Target Support Files/Pods-E-Work Hackathon/Pods-E-Work Hackathon-frameworks.sh",
				"${BUILT_PRODUCTS_DIR}/Alamofire/Alamofire.framework",
				"${BUILT_PRODUCTS_DIR}/AlamofireSwiftyJSON/AlamofireSwiftyJSON.framework",
				"${BUILT_PRODUCTS_DIR}/CryptoSwift/CryptoSwift.framework",
				"${BUILT_PRODUCTS_DIR}/GSMessages/GSMessages.framework",
				"${BUILT_PRODUCTS_DIR}/IQKeyboardManagerSwift/IQKeyboardManagerSwift.framework",
				"${BUILT_PRODUCTS_DIR}/ImageSlideshow/ImageSlideshow.framework",
				"${BUILT_PRODUCTS_DIR}/Kingfisher/Kingfisher.framework",
				"${BUILT_PRODUCTS_DIR}/M13Checkbox/M13Checkbox.framework",
				"${BUILT_PRODUCTS_DIR}/MagicalRecord/MagicalRecord.framework",
				"${BUILT_PRODUCTS_DIR}/R.swift.Library/Rswift.framework",
				"${BUILT_PRODUCTS_DIR}/SVProgressHUD/SVProgressHUD.framework",
				"${BUILT_PRODUCTS_DIR}/SideMenu/SideMenu.framework",
				"${BUILT_PRODUCTS_DIR}/SwiftDate/SwiftDate.framework",
				"${BUILT_PRODUCTS_DIR}/SwiftValidator/SwiftValidator.framework",
				"${BUILT_PRODUCTS_DIR}/SwifterSwift/SwifterSwift.framework",
				"${BUILT_PRODUCTS_DIR}/SwiftyJSON/SwiftyJSON.framework",
				"${BUILT_PRODUCTS_DIR}/XLPagerTabStrip/XLPagerTabStrip.framework",
			);
			name = "[CP] Embed Pods Frameworks";
			outputPaths = (
				"${TARGET_BUILD_DIR}/${FRAMEWORKS_FOLDER_PATH}/Alamofire.framework",
				"${TARGET_BUILD_DIR}/${FRAMEWORKS_FOLDER_PATH}/AlamofireSwiftyJSON.framework",
				"${TARGET_BUILD_DIR}/${FRAMEWORKS_FOLDER_PATH}/CryptoSwift.framework",
				"${TARGET_BUILD_DIR}/${FRAMEWORKS_FOLDER_PATH}/GSMessages.framework",
				"${TARGET_BUILD_DIR}/${FRAMEWORKS_FOLDER_PATH}/IQKeyboardManagerSwift.framework",
				"${TARGET_BUILD_DIR}/${FRAMEWORKS_FOLDER_PATH}/ImageSlideshow.framework",
				"${TARGET_BUILD_DIR}/${FRAMEWORKS_FOLDER_PATH}/Kingfisher.framework",
				"${TARGET_BUILD_DIR}/${FRAMEWORKS_FOLDER_PATH}/M13Checkbox.framework",
				"${TARGET_BUILD_DIR}/${FRAMEWORKS_FOLDER_PATH}/MagicalRecord.framework",
				"${TARGET_BUILD_DIR}/${FRAMEWORKS_FOLDER_PATH}/Rswift.framework",
				"${TARGET_BUILD_DIR}/${FRAMEWORKS_FOLDER_PATH}/SVProgressHUD.framework",
				"${TARGET_BUILD_DIR}/${FRAMEWORKS_FOLDER_PATH}/SideMenu.framework",
				"${TARGET_BUILD_DIR}/${FRAMEWORKS_FOLDER_PATH}/SwiftDate.framework",
				"${TARGET_BUILD_DIR}/${FRAMEWORKS_FOLDER_PATH}/SwiftValidator.framework",
				"${TARGET_BUILD_DIR}/${FRAMEWORKS_FOLDER_PATH}/SwifterSwift.framework",
				"${TARGET_BUILD_DIR}/${FRAMEWORKS_FOLDER_PATH}/SwiftyJSON.framework",
				"${TARGET_BUILD_DIR}/${FRAMEWORKS_FOLDER_PATH}/XLPagerTabStrip.framework",
			);
			runOnlyForDeploymentPostprocessing = 0;
			shellPath = /bin/sh;
			shellScript = "\"${SRCROOT}/Pods/Target Support Files/Pods-E-Work Hackathon/Pods-E-Work Hackathon-frameworks.sh\"\n";
			showEnvVarsInLog = 0;
		};
		6EEA167E91D49204244DFEEA /* [CP] Check Pods Manifest.lock */ = {
			isa = PBXShellScriptBuildPhase;
			buildActionMask = 2147483647;
			files = (
			);
			inputPaths = (
				"${PODS_PODFILE_DIR_PATH}/Podfile.lock",
				"${PODS_ROOT}/Manifest.lock",
			);
			name = "[CP] Check Pods Manifest.lock";
			outputPaths = (
				"$(DERIVED_FILE_DIR)/Pods-E-Work Hackathon-checkManifestLockResult.txt",
			);
			runOnlyForDeploymentPostprocessing = 0;
			shellPath = /bin/sh;
			shellScript = "diff \"${PODS_PODFILE_DIR_PATH}/Podfile.lock\" \"${PODS_ROOT}/Manifest.lock\" > /dev/null\nif [ $? != 0 ] ; then\n    # print error to STDERR\n    echo \"error: The sandbox is not in sync with the Podfile.lock. Run 'pod install' or update your CocoaPods installation.\" >&2\n    exit 1\nfi\n# This output is used by Xcode 'outputs' to avoid re-running this script phase.\necho \"SUCCESS\" > \"${SCRIPT_OUTPUT_FILE_0}\"\n";
			showEnvVarsInLog = 0;
		};
		885F5AFA4F7E53CC9B2448B9 /* [CP] Copy Pods Resources */ = {
			isa = PBXShellScriptBuildPhase;
			buildActionMask = 2147483647;
			files = (
			);
			inputPaths = (
			);
			name = "[CP] Copy Pods Resources";
			outputPaths = (
			);
			runOnlyForDeploymentPostprocessing = 0;
			shellPath = /bin/sh;
			shellScript = "\"${SRCROOT}/Pods/Target Support Files/Pods-E-Work Hackathon/Pods-E-Work Hackathon-resources.sh\"\n";
			showEnvVarsInLog = 0;
		};
/* End PBXShellScriptBuildPhase section */

/* Begin PBXSourcesBuildPhase section */
		E298F26E1FE6A48A00A49380 /* Sources */ = {
			isa = PBXSourcesBuildPhase;
			buildActionMask = 2147483647;
			files = (
				D1849BBA1FE7BA2200313461 /* CountryTableViewController.swift in Sources */,
				D1849BC71FE7F9A700313461 /* RequestWrapper.swift in Sources */,
				D1849BC51FE7E5CD00313461 /* Convert_Currency.swift in Sources */,
				D1849BC91FE7F9B300313461 /* ConvertModel.swift in Sources */,
				D1849BBC1FE7BB2700313461 /* Country+CoreDataClass.swift in Sources */,
				D1849BC31FE7CBDB00313461 /* CurrencyCalculatorViewController.swift in Sources */,
				D1849BB81FE7BA0B00313461 /* TableViewCell.swift in Sources */,
				E2B929461FE6E91E00CB1A5B /* Notification.swift in Sources */,
				E2B929441FE6E30200CB1A5B /* UserDefaults.swift in Sources */,
				E298F2761FE6A48A00A49380 /* AppDelegate.swift in Sources */,
				D1849BBF1FE7BB5800313461 /* Model.xcdatamodeld in Sources */,
			);
			runOnlyForDeploymentPostprocessing = 0;
		};
/* End PBXSourcesBuildPhase section */

/* Begin PBXVariantGroup section */
		E298F2791FE6A48A00A49380 /* Main.storyboard */ = {
			isa = PBXVariantGroup;
			children = (
				E298F27A1FE6A48A00A49380 /* Base */,
			);
			name = Main.storyboard;
			sourceTree = "<group>";
		};
		E298F27E1FE6A48A00A49380 /* LaunchScreen.storyboard */ = {
			isa = PBXVariantGroup;
			children = (
				E298F27F1FE6A48A00A49380 /* Base */,
			);
			name = LaunchScreen.storyboard;
			sourceTree = "<group>";
		};
/* End PBXVariantGroup section */

/* Begin XCBuildConfiguration section */
		E298F2821FE6A48A00A49380 /* Debug */ = {
			isa = XCBuildConfiguration;
			buildSettings = {
				ALWAYS_SEARCH_USER_PATHS = NO;
				CLANG_ANALYZER_NONNULL = YES;
				CLANG_ANALYZER_NUMBER_OBJECT_CONVERSION = YES_AGGRESSIVE;
				CLANG_CXX_LANGUAGE_STANDARD = "gnu++14";
				CLANG_CXX_LIBRARY = "libc++";
				CLANG_ENABLE_MODULES = YES;
				CLANG_ENABLE_OBJC_ARC = YES;
				CLANG_WARN_BLOCK_CAPTURE_AUTORELEASING = YES;
				CLANG_WARN_BOOL_CONVERSION = YES;
				CLANG_WARN_COMMA = YES;
				CLANG_WARN_CONSTANT_CONVERSION = YES;
				CLANG_WARN_DIRECT_OBJC_ISA_USAGE = YES_ERROR;
				CLANG_WARN_DOCUMENTATION_COMMENTS = YES;
				CLANG_WARN_EMPTY_BODY = YES;
				CLANG_WARN_ENUM_CONVERSION = YES;
				CLANG_WARN_INFINITE_RECURSION = YES;
				CLANG_WARN_INT_CONVERSION = YES;
				CLANG_WARN_NON_LITERAL_NULL_CONVERSION = YES;
				CLANG_WARN_OBJC_LITERAL_CONVERSION = YES;
				CLANG_WARN_OBJC_ROOT_CLASS = YES_ERROR;
				CLANG_WARN_RANGE_LOOP_ANALYSIS = YES;
				CLANG_WARN_STRICT_PROTOTYPES = YES;
				CLANG_WARN_SUSPICIOUS_MOVE = YES;
				CLANG_WARN_UNGUARDED_AVAILABILITY = YES_AGGRESSIVE;
				CLANG_WARN_UNREACHABLE_CODE = YES;
				CLANG_WARN__DUPLICATE_METHOD_MATCH = YES;
				CODE_SIGN_IDENTITY = "iPhone Developer";
				COPY_PHASE_STRIP = NO;
				DEBUG_INFORMATION_FORMAT = dwarf;
				ENABLE_STRICT_OBJC_MSGSEND = YES;
				ENABLE_TESTABILITY = YES;
				GCC_C_LANGUAGE_STANDARD = gnu11;
				GCC_DYNAMIC_NO_PIC = NO;
				GCC_NO_COMMON_BLOCKS = YES;
				GCC_OPTIMIZATION_LEVEL = 0;
				GCC_PREPROCESSOR_DEFINITIONS = (
					"DEBUG=1",
					"$(inherited)",
				);
				GCC_WARN_64_TO_32_BIT_CONVERSION = YES;
				GCC_WARN_ABOUT_RETURN_TYPE = YES_ERROR;
				GCC_WARN_UNDECLARED_SELECTOR = YES;
				GCC_WARN_UNINITIALIZED_AUTOS = YES_AGGRESSIVE;
				GCC_WARN_UNUSED_FUNCTION = YES;
				GCC_WARN_UNUSED_VARIABLE = YES;
				IPHONEOS_DEPLOYMENT_TARGET = 11.1;
				MTL_ENABLE_DEBUG_INFO = YES;
				ONLY_ACTIVE_ARCH = YES;
				SDKROOT = iphoneos;
				SWIFT_ACTIVE_COMPILATION_CONDITIONS = DEBUG;
				SWIFT_OPTIMIZATION_LEVEL = "-Onone";
			};
			name = Debug;
		};
		E298F2831FE6A48A00A49380 /* Release */ = {
			isa = XCBuildConfiguration;
			buildSettings = {
				ALWAYS_SEARCH_USER_PATHS = NO;
				CLANG_ANALYZER_NONNULL = YES;
				CLANG_ANALYZER_NUMBER_OBJECT_CONVERSION = YES_AGGRESSIVE;
				CLANG_CXX_LANGUAGE_STANDARD = "gnu++14";
				CLANG_CXX_LIBRARY = "libc++";
				CLANG_ENABLE_MODULES = YES;
				CLANG_ENABLE_OBJC_ARC = YES;
				CLANG_WARN_BLOCK_CAPTURE_AUTORELEASING = YES;
				CLANG_WARN_BOOL_CONVERSION = YES;
				CLANG_WARN_COMMA = YES;
				CLANG_WARN_CONSTANT_CONVERSION = YES;
				CLANG_WARN_DIRECT_OBJC_ISA_USAGE = YES_ERROR;
				CLANG_WARN_DOCUMENTATION_COMMENTS = YES;
				CLANG_WARN_EMPTY_BODY = YES;
				CLANG_WARN_ENUM_CONVERSION = YES;
				CLANG_WARN_INFINITE_RECURSION = YES;
				CLANG_WARN_INT_CONVERSION = YES;
				CLANG_WARN_NON_LITERAL_NULL_CONVERSION = YES;
				CLANG_WARN_OBJC_LITERAL_CONVERSION = YES;
				CLANG_WARN_OBJC_ROOT_CLASS = YES_ERROR;
				CLANG_WARN_RANGE_LOOP_ANALYSIS = YES;
				CLANG_WARN_STRICT_PROTOTYPES = YES;
				CLANG_WARN_SUSPICIOUS_MOVE = YES;
				CLANG_WARN_UNGUARDED_AVAILABILITY = YES_AGGRESSIVE;
				CLANG_WARN_UNREACHABLE_CODE = YES;
				CLANG_WARN__DUPLICATE_METHOD_MATCH = YES;
				CODE_SIGN_IDENTITY = "iPhone Developer";
				COPY_PHASE_STRIP = NO;
				DEBUG_INFORMATION_FORMAT = "dwarf-with-dsym";
				ENABLE_NS_ASSERTIONS = NO;
				ENABLE_STRICT_OBJC_MSGSEND = YES;
				GCC_C_LANGUAGE_STANDARD = gnu11;
				GCC_NO_COMMON_BLOCKS = YES;
				GCC_WARN_64_TO_32_BIT_CONVERSION = YES;
				GCC_WARN_ABOUT_RETURN_TYPE = YES_ERROR;
				GCC_WARN_UNDECLARED_SELECTOR = YES;
				GCC_WARN_UNINITIALIZED_AUTOS = YES_AGGRESSIVE;
				GCC_WARN_UNUSED_FUNCTION = YES;
				GCC_WARN_UNUSED_VARIABLE = YES;
				IPHONEOS_DEPLOYMENT_TARGET = 11.1;
				MTL_ENABLE_DEBUG_INFO = NO;
				SDKROOT = iphoneos;
				SWIFT_OPTIMIZATION_LEVEL = "-Owholemodule";
				VALIDATE_PRODUCT = YES;
			};
			name = Release;
		};
		E298F2851FE6A48A00A49380 /* Debug */ = {
			isa = XCBuildConfiguration;
			baseConfigurationReference = E5832DD9487B2A3B7D78671B /* Pods-E-Work Hackathon.debug.xcconfig */;
			buildSettings = {
				ASSETCATALOG_COMPILER_APPICON_NAME = AppIcon;
				CODE_SIGN_STYLE = Automatic;
				INFOPLIST_FILE = "E-Work Hackathon/Info.plist";
				LD_RUNPATH_SEARCH_PATHS = "$(inherited) @executable_path/Frameworks";
				PRODUCT_BUNDLE_IDENTIFIER = com.aserdah.CurrencyXE;
				PRODUCT_NAME = "$(TARGET_NAME)";
				SWIFT_VERSION = 4.0;
				TARGETED_DEVICE_FAMILY = "1,2";
			};
			name = Debug;
		};
		E298F2861FE6A48A00A49380 /* Release */ = {
			isa = XCBuildConfiguration;
			baseConfigurationReference = 12035092D4E4A4B7EB1923AD /* Pods-E-Work Hackathon.release.xcconfig */;
			buildSettings = {
				ASSETCATALOG_COMPILER_APPICON_NAME = AppIcon;
				CODE_SIGN_STYLE = Automatic;
				INFOPLIST_FILE = "E-Work Hackathon/Info.plist";
				LD_RUNPATH_SEARCH_PATHS = "$(inherited) @executable_path/Frameworks";
				PRODUCT_BUNDLE_IDENTIFIER = com.aserdah.CurrencyXE;
				PRODUCT_NAME = "$(TARGET_NAME)";
				SWIFT_VERSION = 4.0;
				TARGETED_DEVICE_FAMILY = "1,2";
			};
			name = Release;
		};
/* End XCBuildConfiguration section */

/* Begin XCConfigurationList section */
		E298F26D1FE6A48900A49380 /* Build configuration list for PBXProject "E-Work Hackathon" */ = {
			isa = XCConfigurationList;
			buildConfigurations = (
				E298F2821FE6A48A00A49380 /* Debug */,
				E298F2831FE6A48A00A49380 /* Release */,
			);
			defaultConfigurationIsVisible = 0;
			defaultConfigurationName = Release;
		};
		E298F2841FE6A48A00A49380 /* Build configuration list for PBXNativeTarget "E-Work Hackathon" */ = {
			isa = XCConfigurationList;
			buildConfigurations = (
				E298F2851FE6A48A00A49380 /* Debug */,
				E298F2861FE6A48A00A49380 /* Release */,
			);
			defaultConfigurationIsVisible = 0;
			defaultConfigurationName = Release;
		};
/* End XCConfigurationList section */

/* Begin XCVersionGroup section */
		D1849BBD1FE7BB5800313461 /* Model.xcdatamodeld */ = {
			isa = XCVersionGroup;
			children = (
				D1849BBE1FE7BB5800313461 /* Model.xcdatamodel */,
			);
			currentVersion = D1849BBE1FE7BB5800313461 /* Model.xcdatamodel */;
			path = Model.xcdatamodeld;
			sourceTree = "<group>";
			versionGroupType = wrapper.xcdatamodel;
		};
/* End XCVersionGroup section */
	};
	rootObject = E298F26A1FE6A48900A49380 /* Project object */;
}
